{
  "name": "poq",
  "version": "1.0.0",
  "lockfileVersion": 1,
  "requires": true,
  "dependencies": {
    "@types/node": {
      "version": "8.0.26",
      "resolved": "https://registry.npmjs.org/@types/node/-/node-8.0.26.tgz",
      "integrity": "sha512-wbKN0MB4XsjdnSE04HiCzLoBDirGCM6zXrqavSj44nZnPFYpnrTF64E9O6Xmf0ca/IuKK/BHUcXwMiwk92gW6Q==",
      "optional": true
    },
    "stream-equal": {
      "version": "1.0.1",
      "resolved": "https://registry.npmjs.org/stream-equal/-/stream-equal-1.0.1.tgz",
      "integrity": "sha512-xAZ1x+gcNwIiSSpkllUwKK0yeIB0A5AHzQux/RlQjZ9t07FWSUKI0zZM8GIviibrW1fsMHD/BL0vI74o0JTfHw==",
      "requires": {
        "@types/node": "8.0.26"
      }
    }
  }
}
